// !$*UTF8*$!
{
	archiveVersion = 1;
	classes = {
	};
	objectVersion = 50;
	objects = {

/* Begin PBXBuildFile section */
		562B19132482720000F68D04 /* FirstTabBarController.swift in Sources */ = {isa = PBXBuildFile; fileRef = 562B19122482720000F68D04 /* FirstTabBarController.swift */; };
		562B19152482726300F68D04 /* SecondTabBarController.swift in Sources */ = {isa = PBXBuildFile; fileRef = 562B19142482726300F68D04 /* SecondTabBarController.swift */; };
		5633125E248207E200762A67 /* AppDelegate.swift in Sources */ = {isa = PBXBuildFile; fileRef = 5633125D248207E200762A67 /* AppDelegate.swift */; };
		56331260248207E200762A67 /* SceneDelegate.swift in Sources */ = {isa = PBXBuildFile; fileRef = 5633125F248207E200762A67 /* SceneDelegate.swift */; };
		56331262248207E200762A67 /* ViewController.swift in Sources */ = {isa = PBXBuildFile; fileRef = 56331261248207E200762A67 /* ViewController.swift */; };
		56331265248207E200762A67 /* Main.storyboard in Resources */ = {isa = PBXBuildFile; fileRef = 56331263248207E200762A67 /* Main.storyboard */; };
		56331267248207E500762A67 /* Assets.xcassets in Resources */ = {isa = PBXBuildFile; fileRef = 56331266248207E500762A67 /* Assets.xcassets */; };
		5633126A248207E500762A67 /* LaunchScreen.storyboard in Resources */ = {isa = PBXBuildFile; fileRef = 56331268248207E500762A67 /* LaunchScreen.storyboard */; };
/* End PBXBuildFile section */

/* Begin PBXFileReference section */
		562B19122482720000F68D04 /* FirstTabBarController.swift */ = {isa = PBXFileReference; lastKnownFileType = sourcecode.swift; path = FirstTabBarController.swift; sourceTree = "<group>"; };
		562B19142482726300F68D04 /* SecondTabBarController.swift */ = {isa = PBXFileReference; lastKnownFileType = sourcecode.swift; path = SecondTabBarController.swift; sourceTree = "<group>"; };
		5633125A248207E200762A67 /* AuthorizationScreenApp.app */ = {isa = PBXFileReference; explicitFileType = wrapper.application; includeInIndex = 0; path = AuthorizationScreenApp.app; sourceTree = BUILT_PRODUCTS_DIR; };
		5633125D248207E200762A67 /* AppDelegate.swift */ = {isa = PBXFileReference; lastKnownFileType = sourcecode.swift; path = AppDelegate.swift; sourceTree = "<group>"; };
		5633125F248207E200762A67 /* SceneDelegate.swift */ = {isa = PBXFileReference; lastKnownFileType = sourcecode.swift; path = SceneDelegate.swift; sourceTree = "<group>"; };
		56331261248207E200762A67 /* ViewController.swift */ = {isa = PBXFileReference; lastKnownFileType = sourcecode.swift; path = ViewController.swift; sourceTree = "<group>"; };
		56331264248207E200762A67 /* Base */ = {isa = PBXFileReference; lastKnownFileType = file.storyboard; name = Base; path = Base.lproj/Main.storyboard; sourceTree = "<group>"; };
		56331266248207E500762A67 /* Assets.xcassets */ = {isa = PBXFileReference; lastKnownFileType = folder.assetcatalog; path = Assets.xcassets; sourceTree = "<group>"; };
		56331269248207E500762A67 /* Base */ = {isa = PBXFileReference; lastKnownFileType = file.storyboard; name = Base; path = Base.lproj/LaunchScreen.storyboard; sourceTree = "<group>"; };
		5633126B248207E500762A67 /* Info.plist */ = {isa = PBXFileReference; lastKnownFileType = text.plist.xml; path = Info.plist; sourceTree = "<group>"; };
/* End PBXFileReference section */

/* Begin PBXFrameworksBuildPhase section */
		56331257248207E200762A67 /* Frameworks */ = {
			isa = PBXFrameworksBuildPhase;
			buildActionMask = 2147483647;
			files = (
			);
			runOnlyForDeploymentPostprocessing = 0;
		};
/* End PBXFrameworksBuildPhase section */

/* Begin PBXGroup section */
		56331251248207E200762A67 = {
			isa = PBXGroup;
			children = (
				5633125C248207E200762A67 /* AuthorizationScreenApp */,
				5633125B248207E200762A67 /* Products */,
			);
			sourceTree = "<group>";
		};
		5633125B248207E200762A67 /* Products */ = {
			isa = PBXGroup;
			children = (
				5633125A248207E200762A67 /* AuthorizationScreenApp.app */,
			);
			name = Products;
			sourceTree = "<group>";
		};
		5633125C248207E200762A67 /* AuthorizationScreenApp */ = {
			isa = PBXGroup;
			children = (
				563312722482093800762A67 /* ViewControlles */,
				56331275248209EA00762A67 /* Models */,
				563312732482098F00762A67 /* Storyboards */,
				56331274248209AA00762A67 /* Sources */,
				563312712482086A00762A67 /* SupportingFiles */,
			);
			path = AuthorizationScreenApp;
			sourceTree = "<group>";
		};
		563312712482086A00762A67 /* SupportingFiles */ = {
			isa = PBXGroup;
			children = (
				5633125D248207E200762A67 /* AppDelegate.swift */,
				5633125F248207E200762A67 /* SceneDelegate.swift */,
				5633126B248207E500762A67 /* Info.plist */,
			);
			path = SupportingFiles;
			sourceTree = "<group>";
		};
		563312722482093800762A67 /* ViewControlles */ = {
			isa = PBXGroup;
			children = (
				56331261248207E200762A67 /* ViewController.swift */,
			);
			path = ViewControlles;
			sourceTree = "<group>";
		};
		563312732482098F00762A67 /* Storyboards */ = {
			isa = PBXGroup;
			children = (
				56331263248207E200762A67 /* Main.storyboard */,
				562B19122482720000F68D04 /* FirstTabBarController.swift */,
				562B19142482726300F68D04 /* SecondTabBarController.swift */,
				56331268248207E500762A67 /* LaunchScreen.storyboard */,
			);
			path = Storyboards;
			sourceTree = "<group>";
		};
		56331274248209AA00762A67 /* Sources */ = {
			isa = PBXGroup;
			children = (
				56331266248207E500762A67 /* Assets.xcassets */,
			);
			path = Sources;
			sourceTree = "<group>";
		};
		56331275248209EA00762A67 /* Models */ = {
			isa = PBXGroup;
			children = (
			);
			path = Models;
			sourceTree = "<group>";
		};
/* End PBXGroup section */

/* Begin PBXNativeTarget section */
		56331259248207E200762A67 /* AuthorizationScreenApp */ = {
			isa = PBXNativeTarget;
			buildConfigurationList = 5633126E248207E500762A67 /* Build configuration list for PBXNativeTarget "AuthorizationScreenApp" */;
			buildPhases = (
				56331256248207E200762A67 /* Sources */,
				56331257248207E200762A67 /* Frameworks */,
				56331258248207E200762A67 /* Resources */,
			);
			buildRules = (
			);
			dependencies = (
			);
			name = AuthorizationScreenApp;
			productName = AuthorizationScreenApp;
			productReference = 5633125A248207E200762A67 /* AuthorizationScreenApp.app */;
			productType = "com.apple.product-type.application";
		};
/* End PBXNativeTarget section */

/* Begin PBXProject section */
		56331252248207E200762A67 /* Project object */ = {
			isa = PBXProject;
			attributes = {
				LastSwiftUpdateCheck = 1140;
				LastUpgradeCheck = 1140;
				ORGANIZATIONNAME = "Egor Ukolov";
				TargetAttributes = {
					56331259248207E200762A67 = {
						CreatedOnToolsVersion = 11.4;
					};
				};
			};
			buildConfigurationList = 56331255248207E200762A67 /* Build configuration list for PBXProject "AuthorizationScreenApp" */;
			compatibilityVersion = "Xcode 9.3";
			developmentRegion = en;
			hasScannedForEncodings = 0;
			knownRegions = (
				en,
				Base,
			);
			mainGroup = 56331251248207E200762A67;
			productRefGroup = 5633125B248207E200762A67 /* Products */;
			projectDirPath = "";
			projectRoot = "";
			targets = (
				56331259248207E200762A67 /* AuthorizationScreenApp */,
			);
		};
/* End PBXProject section */

/* Begin PBXResourcesBuildPhase section */
		56331258248207E200762A67 /* Resources */ = {
			isa = PBXResourcesBuildPhase;
			buildActionMask = 2147483647;
			files = (
				5633126A248207E500762A67 /* LaunchScreen.storyboard in Resources */,
				56331267248207E500762A67 /* Assets.xcassets in Resources */,
				56331265248207E200762A67 /* Main.storyboard in Resources */,
			);
			runOnlyForDeploymentPostprocessing = 0;
		};
/* End PBXResourcesBuildPhase section */

/* Begin PBXSourcesBuildPhase section */
		56331256248207E200762A67 /* Sources */ = {
			isa = PBXSourcesBuildPhase;
			buildActionMask = 2147483647;
			files = (
				56331262248207E200762A67 /* ViewController.swift in Sources */,
				5633125E248207E200762A67 /* AppDelegate.swift in Sources */,
				562B19132482720000F68D04 /* FirstTabBarController.swift in Sources */,
				562B19152482726300F68D04 /* SecondTabBarController.swift in Sources */,
				56331260248207E200762A67 /* SceneDelegate.swift in Sources */,
			);
			runOnlyForDeploymentPostprocessing = 0;
		};
/* End PBXSourcesBuildPhase section */

/* Begin PBXVariantGroup section */
		56331263248207E200762A67 /* Main.storyboard */ = {
			isa = PBXVariantGroup;
			children = (
				56331264248207E200762A67 /* Base */,
			);
			name = Main.storyboard;
			sourceTree = "<group>";
		};
		56331268248207E500762A67 /* LaunchScreen.storyboard */ = {
			isa = PBXVariantGroup;
			children = (
				56331269248207E500762A67 /* Base */,
			);
			name = LaunchScreen.storyboard;
			sourceTree = "<group>";
		};
/* End PBXVariantGroup section */

/* Begin XCBuildConfiguration section */
		5633126C248207E500762A67 /* Debug */ = {
			isa = XCBuildConfiguration;
			buildSettings = {
				ALWAYS_SEARCH_USER_PATHS = NO;
				CLANG_ANALYZER_NONNULL = YES;
				CLANG_ANALYZER_NUMBER_OBJECT_CONVERSION = YES_AGGRESSIVE;
				CLANG_CXX_LANGUAGE_STANDARD = "gnu++14";
				CLANG_CXX_LIBRARY = "libc++";
				CLANG_ENABLE_MODULES = YES;
				CLANG_ENABLE_OBJC_ARC = YES;
				CLANG_ENABLE_OBJC_WEAK = YES;
				CLANG_WARN_BLOCK_CAPTURE_AUTORELEASING = YES;
				CLANG_WARN_BOOL_CONVERSION = YES;
				CLANG_WARN_COMMA = YES;
				CLANG_WARN_CONSTANT_CONVERSION = YES;
				CLANG_WARN_DEPRECATED_OBJC_IMPLEMENTATIONS = YES;
				CLANG_WARN_DIRECT_OBJC_ISA_USAGE = YES_ERROR;
				CLANG_WARN_DOCUMENTATION_COMMENTS = YES;
				CLANG_WARN_EMPTY_BODY = YES;
				CLANG_WARN_ENUM_CONVERSION = YES;
				CLANG_WARN_INFINITE_RECURSION = YES;
				CLANG_WARN_INT_CONVERSION = YES;
				CLANG_WARN_NON_LITERAL_NULL_CONVERSION = YES;
				CLANG_WARN_OBJC_IMPLICIT_RETAIN_SELF = YES;
				CLANG_WARN_OBJC_LITERAL_CONVERSION = YES;
				CLANG_WARN_OBJC_ROOT_CLASS = YES_ERROR;
				CLANG_WARN_RANGE_LOOP_ANALYSIS = YES;
				CLANG_WARN_STRICT_PROTOTYPES = YES;
				CLANG_WARN_SUSPICIOUS_MOVE = YES;
				CLANG_WARN_UNGUARDED_AVAILABILITY = YES_AGGRESSIVE;
				CLANG_WARN_UNREACHABLE_CODE = YES;
				CLANG_WARN__DUPLICATE_METHOD_MATCH = YES;
				COPY_PHASE_STRIP = NO;
				DEBUG_INFORMATION_FORMAT = dwarf;
				ENABLE_STRICT_OBJC_MSGSEND = YES;
				ENABLE_TESTABILITY = YES;
				GCC_C_LANGUAGE_STANDARD = gnu11;
				GCC_DYNAMIC_NO_PIC = NO;
				GCC_NO_COMMON_BLOCKS = YES;
				GCC_OPTIMIZATION_LEVEL = 0;
				GCC_PREPROCESSOR_DEFINITIONS = (
					"DEBUG=1",
					"$(inherited)",
				);
				GCC_WARN_64_TO_32_BIT_CONVERSION = YES;
				GCC_WARN_ABOUT_RETURN_TYPE = YES_ERROR;
				GCC_WARN_UNDECLARED_SELECTOR = YES;
				GCC_WARN_UNINITIALIZED_AUTOS = YES_AGGRESSIVE;
				GCC_WARN_UNUSED_FUNCTION = YES;
				GCC_WARN_UNUSED_VARIABLE = YES;
				IPHONEOS_DEPLOYMENT_TARGET = 13.4;
				MTL_ENABLE_DEBUG_INFO = INCLUDE_SOURCE;
				MTL_FAST_MATH = YES;
				ONLY_ACTIVE_ARCH = YES;
				SDKROOT = iphoneos;
				SWIFT_ACTIVE_COMPILATION_CONDITIONS = DEBUG;
				SWIFT_OPTIMIZATION_LEVEL = "-Onone";
			};
			name = Debug;
		};
		5633126D248207E500762A67 /* Release */ = {
			isa = XCBuildConfiguration;
			buildSettings = {
				ALWAYS_SEARCH_USER_PATHS = NO;
				CLANG_ANALYZER_NONNULL = YES;
				CLANG_ANALYZER_NUMBER_OBJECT_CONVERSION = YES_AGGRESSIVE;
				CLANG_CXX_LANGUAGE_STANDARD = "gnu++14";
				CLANG_CXX_LIBRARY = "libc++";
				CLANG_ENABLE_MODULES = YES;
				CLANG_ENABLE_OBJC_ARC = YES;
				CLANG_ENABLE_OBJC_WEAK = YES;
				CLANG_WARN_BLOCK_CAPTURE_AUTORELEASING = YES;
				CLANG_WARN_BOOL_CONVERSION = YES;
				CLANG_WARN_COMMA = YES;
				CLANG_WARN_CONSTANT_CONVERSION = YES;
				CLANG_WARN_DEPRECATED_OBJC_IMPLEMENTATIONS = YES;
				CLANG_WARN_DIRECT_OBJC_ISA_USAGE = YES_ERROR;
				CLANG_WARN_DOCUMENTATION_COMMENTS = YES;
				CLANG_WARN_EMPTY_BODY = YES;
				CLANG_WARN_ENUM_CONVERSION = YES;
				CLANG_WARN_INFINITE_RECURSION = YES;
				CLANG_WARN_INT_CONVERSION = YES;
				CLANG_WARN_NON_LITERAL_NULL_CONVERSION = YES;
				CLANG_WARN_OBJC_IMPLICIT_RETAIN_SELF = YES;
				CLANG_WARN_OBJC_LITERAL_CONVERSION = YES;
				CLANG_WARN_OBJC_ROOT_CLASS = YES_ERROR;
				CLANG_WARN_RANGE_LOOP_ANALYSIS = YES;
				CLANG_WARN_STRICT_PROTOTYPES = YES;
				CLANG_WARN_SUSPICIOUS_MOVE = YES;
				CLANG_WARN_UNGUARDED_AVAILABILITY = YES_AGGRESSIVE;
				CLANG_WARN_UNREACHABLE_CODE = YES;
				CLANG_WARN__DUPLICATE_METHOD_MATCH = YES;
				COPY_PHASE_STRIP = NO;
				DEBUG_INFORMATION_FORMAT = "dwarf-with-dsym";
				ENABLE_NS_ASSERTIONS = NO;
				ENABLE_STRICT_OBJC_MSGSEND = YES;
				GCC_C_LANGUAGE_STANDARD = gnu11;
				GCC_NO_COMMON_BLOCKS = YES;
				GCC_WARN_64_TO_32_BIT_CONVERSION = YES;
				GCC_WARN_ABOUT_RETURN_TYPE = YES_ERROR;
				GCC_WARN_UNDECLARED_SELECTOR = YES;
				GCC_WARN_UNINITIALIZED_AUTOS = YES_AGGRESSIVE;
				GCC_WARN_UNUSED_FUNCTION = YES;
				GCC_WARN_UNUSED_VARIABLE = YES;
				IPHONEOS_DEPLOYMENT_TARGET = 13.4;
				MTL_ENABLE_DEBUG_INFO = NO;
				MTL_FAST_MATH = YES;
				SDKROOT = iphoneos;
				SWIFT_COMPILATION_MODE = wholemodule;
				SWIFT_OPTIMIZATION_LEVEL = "-O";
				VALIDATE_PRODUCT = YES;
			};
			name = Release;
		};
		5633126F248207E500762A67 /* Debug */ = {
			isa = XCBuildConfiguration;
			buildSettings = {
				ASSETCATALOG_COMPILER_APPICON_NAME = AppIcon;
				CODE_SIGN_STYLE = Automatic;
				DEVELOPMENT_TEAM = 48X7U22M49;
				INFOPLIST_FILE = AuthorizationScreenApp/SupportingFiles/Info.plist;
				LD_RUNPATH_SEARCH_PATHS = (
					"$(inherited)",
					"@executable_path/Frameworks",
				);
				PRODUCT_BUNDLE_IDENTIFIER = "ru.ukolovegor23-yandex.AuthorizationScreenApp";
				PRODUCT_NAME = "$(TARGET_NAME)";
				SWIFT_VERSION = 5.0;
				TARGETED_DEVICE_FAMILY = 1;
			};
			name = Debug;
		};
		56331270248207E500762A67 /* Release */ = {
			isa = XCBuildConfiguration;
			buildSettings = {
				ASSETCATALOG_COMPILER_APPICON_NAME = AppIcon;
				CODE_SIGN_STYLE = Automatic;
				DEVELOPMENT_TEAM = 48X7U22M49;
				INFOPLIST_FILE = AuthorizationScreenApp/SupportingFiles/Info.plist;
				LD_RUNPATH_SEARCH_PATHS = (
					"$(inherited)",
					"@executable_path/Frameworks",
				);
				PRODUCT_BUNDLE_IDENTIFIER = "ru.ukolovegor23-yandex.AuthorizationScreenApp";
				PRODUCT_NAME = "$(TARGET_NAME)";
				SWIFT_VERSION = 5.0;
				TARGETED_DEVICE_FAMILY = 1;
			};
			name = Release;
		};
/* End XCBuildConfiguration section */

/* Begin XCConfigurationList section */
		56331255248207E200762A67 /* Build configuration list for PBXProject "AuthorizationScreenApp" */ = {
			isa = XCConfigurationList;
			buildConfigurations = (
				5633126C248207E500762A67 /* Debug */,
				5633126D248207E500762A67 /* Release */,
			);
			defaultConfigurationIsVisible = 0;
			defaultConfigurationName = Release;
		};
		5633126E248207E500762A67 /* Build configuration list for PBXNativeTarget "AuthorizationScreenApp" */ = {
			isa = XCConfigurationList;
			buildConfigurations = (
				5633126F248207E500762A67 /* Debug */,
				56331270248207E500762A67 /* Release */,
			);
			defaultConfigurationIsVisible = 0;
			defaultConfigurationName = Release;
		};
/* End XCConfigurationList section */
	};
	rootObject = 56331252248207E200762A67 /* Project object */;
}
